
Microsoft Visual Studio Solution File, Format Version 12.00
Project("{FAE04EC0-301F-11D3-BF4B-00C04F79EFBC}") = "PawPay.Web", "src\PawPay.Web\PawPay.Web.csproj", "{9C3CAD5A-30BF-4E8E-BD45-759FB68F8A51}"
EndProject
Project("{FAE04EC0-301F-11D3-BF4B-00C04F79EFBC}") = "PawPay.Domain", "src\PawPay.Domain\PawPay.Domain.csproj", "{52DE150C-3B34-4E57-B83C-63517033EF95}"
EndProject
Project("{FAE04EC0-301F-11D3-BF4B-00C04F79EFBC}") = "PawPay.Application", "src\PawPay.Application\PawPay.Application.csproj", "{C34D1C83-EF9C-41B8-BF20-579D0196EAB5}"
EndProject
Project("{FAE04EC0-301F-11D3-BF4B-00C04F79EFBC}") = "PawPay.Infrastructure", "src\PawPay.Infrastructure\PawPay.Infrastructure.csproj", "{6DC80BB4-0D7D-40C4-8E40-92D31121DC5B}"
EndProject
Global
	GlobalSection(SolutionConfigurationPlatforms) = preSolution
		Debug|Any CPU = Debug|Any CPU
		Release|Any CPU = Release|Any CPU
	EndGlobalSection
	GlobalSection(ProjectConfigurationPlatforms) = postSolution
		{9C3CAD5A-30BF-4E8E-BD45-759FB68F8A51}.Debug|Any CPU.ActiveCfg = Debug|Any CPU
		{9C3CAD5A-30BF-4E8E-BD45-759FB68F8A51}.Debug|Any CPU.Build.0 = Debug|Any CPU
		{9C3CAD5A-30BF-4E8E-BD45-759FB68F8A51}.Release|Any CPU.ActiveCfg = Release|Any CPU
		{9C3CAD5A-30BF-4E8E-BD45-759FB68F8A51}.Release|Any CPU.Build.0 = Release|Any CPU
		{52DE150C-3B34-4E57-B83C-63517033EF95}.Debug|Any CPU.ActiveCfg = Debug|Any CPU
		{52DE150C-3B34-4E57-B83C-63517033EF95}.Debug|Any CPU.Build.0 = Debug|Any CPU
		{52DE150C-3B34-4E57-B83C-63517033EF95}.Release|Any CPU.ActiveCfg = Release|Any CPU
		{52DE150C-3B34-4E57-B83C-63517033EF95}.Release|Any CPU.Build.0 = Release|Any CPU
		{C34D1C83-EF9C-41B8-BF20-579D0196EAB5}.Debug|Any CPU.ActiveCfg = Debug|Any CPU
		{C34D1C83-EF9C-41B8-BF20-579D0196EAB5}.Debug|Any CPU.Build.0 = Debug|Any CPU
		{C34D1C83-EF9C-41B8-BF20-579D0196EAB5}.Release|Any CPU.ActiveCfg = Release|Any CPU
		{C34D1C83-EF9C-41B8-BF20-579D0196EAB5}.Release|Any CPU.Build.0 = Release|Any CPU
		{E913F8B3-5069-4DFE-9CBD-7DBF143C1DB4}.Debug|Any CPU.ActiveCfg = Debug|Any CPU
		{E913F8B3-5069-4DFE-9CBD-7DBF143C1DB4}.Debug|Any CPU.Build.0 = Debug|Any CPU
		{E913F8B3-5069-4DFE-9CBD-7DBF143C1DB4}.Release|Any CPU.ActiveCfg = Release|Any CPU
		{E913F8B3-5069-4DFE-9CBD-7DBF143C1DB4}.Release|Any CPU.Build.0 = Release|Any CPU
		{6DC80BB4-0D7D-40C4-8E40-92D31121DC5B}.Debug|Any CPU.ActiveCfg = Debug|Any CPU
		{6DC80BB4-0D7D-40C4-8E40-92D31121DC5B}.Debug|Any CPU.Build.0 = Debug|Any CPU
		{6DC80BB4-0D7D-40C4-8E40-92D31121DC5B}.Release|Any CPU.ActiveCfg = Release|Any CPU
		{6DC80BB4-0D7D-40C4-8E40-92D31121DC5B}.Release|Any CPU.Build.0 = Release|Any CPU
	EndGlobalSection
EndGlobal
