
Microsoft Visual Studio Solution File, Format Version 12.00
Project("{FAE04EC0-301F-11D3-BF4B-00C04F79EFBC}") = "PawPay.Web", "src\PawPay.Web\PawPay.Web.csproj", "{9C3CAD5A-30BF-4E8E-BD45-759FB68F8A51}"
EndProject
Global
	GlobalSection(SolutionConfigurationPlatforms) = preSolution
		Debug|Any CPU = Debug|Any CPU
		Release|Any CPU = Release|Any CPU
	EndGlobalSection
	GlobalSection(ProjectConfigurationPlatforms) = postSolution
		{9C3CAD5A-30BF-4E8E-BD45-759FB68F8A51}.Debug|Any CPU.ActiveCfg = Debug|Any CPU
		{9C3CAD5A-30BF-4E8E-BD45-759FB68F8A51}.Debug|Any CPU.Build.0 = Debug|Any CPU
		{9C3CAD5A-30BF-4E8E-BD45-759FB68F8A51}.Release|Any CPU.ActiveCfg = Release|Any CPU
		{9C3CAD5A-30BF-4E8E-BD45-759FB68F8A51}.Release|Any CPU.Build.0 = Release|Any CPU
	EndGlobalSection
EndGlobal
